// !$*UTF8*$!
{
	archiveVersion = 1;
	classes = {
	};
	objectVersion = 56;
	objects = {

/* Begin PBXBuildFile section */
		6F6443BA2C89BFB300728B73 /* NetworkManager.swift in Sources */ = {isa = PBXBuildFile; fileRef = 6F6443B92C89BFB300728B73 /* NetworkManager.swift */; };
		6F6443BE2C89C14400728B73 /* NoConnectionViewControllerID.storyboard in Resources */ = {isa = PBXBuildFile; fileRef = 6F6443BD2C89C14400728B73 /* NoConnectionViewControllerID.storyboard */; };
		6F6D3DBB2C88769F00869C3B /* VendorbazApp.swift in Sources */ = {isa = PBXBuildFile; fileRef = 6F6D3DBA2C88769F00869C3B /* VendorbazApp.swift */; };
		6F6D3DBD2C88769F00869C3B /* ContentView.swift in Sources */ = {isa = PBXBuildFile; fileRef = 6F6D3DBC2C88769F00869C3B /* ContentView.swift */; };
		6F6D3DBF2C8876A100869C3B /* Assets.xcassets in Resources */ = {isa = PBXBuildFile; fileRef = 6F6D3DBE2C8876A100869C3B /* Assets.xcassets */; };
		6F6D3DC22C8876A100869C3B /* Preview Assets.xcassets in Resources */ = {isa = PBXBuildFile; fileRef = 6F6D3DC12C8876A100869C3B /* Preview Assets.xcassets */; };
		6F6D3DCC2C8876A100869C3B /* VendorbazTests.swift in Sources */ = {isa = PBXBuildFile; fileRef = 6F6D3DCB2C8876A100869C3B /* VendorbazTests.swift */; };
		6F6D3DD62C8876A100869C3B /* VendorbazUITests.swift in Sources */ = {isa = PBXBuildFile; fileRef = 6F6D3DD52C8876A100869C3B /* VendorbazUITests.swift */; };
		6F6D3DD82C8876A100869C3B /* VendorbazUITestsLaunchTests.swift in Sources */ = {isa = PBXBuildFile; fileRef = 6F6D3DD72C8876A100869C3B /* VendorbazUITestsLaunchTests.swift */; };
		6F6D3DE52C88786800869C3B /* webview.swift in Sources */ = {isa = PBXBuildFile; fileRef = 6F6D3DE42C88786800869C3B /* webview.swift */; };
		6F6D3DE72C887B3500869C3B /* launchScreen.storyboard in Resources */ = {isa = PBXBuildFile; fileRef = 6F6D3DE62C887B3500869C3B /* launchScreen.storyboard */; };
/* End PBXBuildFile section */

/* Begin PBXContainerItemProxy section */
		6F6D3DC82C8876A100869C3B /* PBXContainerItemProxy */ = {
			isa = PBXContainerItemProxy;
			containerPortal = 6F6D3DAF2C88769F00869C3B /* Project object */;
			proxyType = 1;
			remoteGlobalIDString = 6F6D3DB62C88769F00869C3B;
			remoteInfo = Vendorbaz;
		};
		6F6D3DD22C8876A100869C3B /* PBXContainerItemProxy */ = {
			isa = PBXContainerItemProxy;
			containerPortal = 6F6D3DAF2C88769F00869C3B /* Project object */;
			proxyType = 1;
			remoteGlobalIDString = 6F6D3DB62C88769F00869C3B;
			remoteInfo = Vendorbaz;
		};
/* End PBXContainerItemProxy section */

/* Begin PBXFileReference section */
		6F6443B92C89BFB300728B73 /* NetworkManager.swift */ = {isa = PBXFileReference; lastKnownFileType = sourcecode.swift; path = NetworkManager.swift; sourceTree = "<group>"; };
		6F6443BD2C89C14400728B73 /* NoConnectionViewControllerID.storyboard */ = {isa = PBXFileReference; lastKnownFileType = file.storyboard; path = NoConnectionViewControllerID.storyboard; sourceTree = "<group>"; };
		6F6D3DB72C88769F00869C3B /* Vendorbaz.app */ = {isa = PBXFileReference; explicitFileType = wrapper.application; includeInIndex = 0; path = Vendorbaz.app; sourceTree = BUILT_PRODUCTS_DIR; };
		6F6D3DBA2C88769F00869C3B /* VendorbazApp.swift */ = {isa = PBXFileReference; lastKnownFileType = sourcecode.swift; path = VendorbazApp.swift; sourceTree = "<group>"; };
		6F6D3DBC2C88769F00869C3B /* ContentView.swift */ = {isa = PBXFileReference; lastKnownFileType = sourcecode.swift; path = ContentView.swift; sourceTree = "<group>"; };
		6F6D3DBE2C8876A100869C3B /* Assets.xcassets */ = {isa = PBXFileReference; lastKnownFileType = folder.assetcatalog; path = Assets.xcassets; sourceTree = "<group>"; };
		6F6D3DC12C8876A100869C3B /* Preview Assets.xcassets */ = {isa = PBXFileReference; lastKnownFileType = folder.assetcatalog; path = "Preview Assets.xcassets"; sourceTree = "<group>"; };
		6F6D3DC72C8876A100869C3B /* VendorbazTests.xctest */ = {isa = PBXFileReference; explicitFileType = wrapper.cfbundle; includeInIndex = 0; path = VendorbazTests.xctest; sourceTree = BUILT_PRODUCTS_DIR; };
		6F6D3DCB2C8876A100869C3B /* VendorbazTests.swift */ = {isa = PBXFileReference; lastKnownFileType = sourcecode.swift; path = VendorbazTests.swift; sourceTree = "<group>"; };
		6F6D3DD12C8876A100869C3B /* VendorbazUITests.xctest */ = {isa = PBXFileReference; explicitFileType = wrapper.cfbundle; includeInIndex = 0; path = VendorbazUITests.xctest; sourceTree = BUILT_PRODUCTS_DIR; };
		6F6D3DD52C8876A100869C3B /* VendorbazUITests.swift */ = {isa = PBXFileReference; lastKnownFileType = sourcecode.swift; path = VendorbazUITests.swift; sourceTree = "<group>"; };
		6F6D3DD72C8876A100869C3B /* VendorbazUITestsLaunchTests.swift */ = {isa = PBXFileReference; lastKnownFileType = sourcecode.swift; path = VendorbazUITestsLaunchTests.swift; sourceTree = "<group>"; };
		6F6D3DE42C88786800869C3B /* webview.swift */ = {isa = PBXFileReference; lastKnownFileType = sourcecode.swift; path = webview.swift; sourceTree = "<group>"; };
		6F6D3DE62C887B3500869C3B /* launchScreen.storyboard */ = {isa = PBXFileReference; lastKnownFileType = file.storyboard; path = launchScreen.storyboard; sourceTree = "<group>"; };
/* End PBXFileReference section */

/* Begin PBXFrameworksBuildPhase section */
		6F6D3DB42C88769F00869C3B /* Frameworks */ = {
			isa = PBXFrameworksBuildPhase;
			buildActionMask = 2147483647;
			files = (
			);
			runOnlyForDeploymentPostprocessing = 0;
		};
		6F6D3DC42C8876A100869C3B /* Frameworks */ = {
			isa = PBXFrameworksBuildPhase;
			buildActionMask = 2147483647;
			files = (
			);
			runOnlyForDeploymentPostprocessing = 0;
		};
		6F6D3DCE2C8876A100869C3B /* Frameworks */ = {
			isa = PBXFrameworksBuildPhase;
			buildActionMask = 2147483647;
			files = (
			);
			runOnlyForDeploymentPostprocessing = 0;
		};
/* End PBXFrameworksBuildPhase section */

/* Begin PBXGroup section */
		6F6D3DAE2C88769F00869C3B = {
			isa = PBXGroup;
			children = (
				6F6D3DE62C887B3500869C3B /* launchScreen.storyboard */,
				6F6D3DB92C88769F00869C3B /* Vendorbaz */,
				6F6D3DCA2C8876A100869C3B /* VendorbazTests */,
				6F6D3DD42C8876A100869C3B /* VendorbazUITests */,
				6F6D3DB82C88769F00869C3B /* Products */,
			);
			sourceTree = "<group>";
		};
		6F6D3DB82C88769F00869C3B /* Products */ = {
			isa = PBXGroup;
			children = (
				6F6D3DB72C88769F00869C3B /* Vendorbaz.app */,
				6F6D3DC72C8876A100869C3B /* VendorbazTests.xctest */,
				6F6D3DD12C8876A100869C3B /* VendorbazUITests.xctest */,
			);
			name = Products;
			sourceTree = "<group>";
		};
		6F6D3DB92C88769F00869C3B /* Vendorbaz */ = {
			isa = PBXGroup;
			children = (
				6F6D3DBA2C88769F00869C3B /* VendorbazApp.swift */,
				6F6D3DBC2C88769F00869C3B /* ContentView.swift */,
				6F6D3DBE2C8876A100869C3B /* Assets.xcassets */,
				6F6D3DC02C8876A100869C3B /* Preview Content */,
				6F6443B92C89BFB300728B73 /* NetworkManager.swift */,
				6F6443BD2C89C14400728B73 /* NoConnectionViewControllerID.storyboard */,
			);
			path = Vendorbaz;
			sourceTree = "<group>";
		};
		6F6D3DC02C8876A100869C3B /* Preview Content */ = {
			isa = PBXGroup;
			children = (
				6F6D3DC12C8876A100869C3B /* Preview Assets.xcassets */,
				6F6D3DE42C88786800869C3B /* webview.swift */,
			);
			path = "Preview Content";
			sourceTree = "<group>";
		};
		6F6D3DCA2C8876A100869C3B /* VendorbazTests */ = {
			isa = PBXGroup;
			children = (
				6F6D3DCB2C8876A100869C3B /* VendorbazTests.swift */,
			);
			path = VendorbazTests;
			sourceTree = "<group>";
		};
		6F6D3DD42C8876A100869C3B /* VendorbazUITests */ = {
			isa = PBXGroup;
			children = (
				6F6D3DD52C8876A100869C3B /* VendorbazUITests.swift */,
				6F6D3DD72C8876A100869C3B /* VendorbazUITestsLaunchTests.swift */,
			);
			path = VendorbazUITests;
			sourceTree = "<group>";
		};
/* End PBXGroup section */

/* Begin PBXNativeTarget section */
		6F6D3DB62C88769F00869C3B /* Vendorbaz */ = {
			isa = PBXNativeTarget;
			buildConfigurationList = 6F6D3DDB2C8876A100869C3B /* Build configuration list for PBXNativeTarget "Vendorbaz" */;
			buildPhases = (
				6F6D3DB32C88769F00869C3B /* Sources */,
				6F6D3DB42C88769F00869C3B /* Frameworks */,
				6F6D3DB52C88769F00869C3B /* Resources */,
			);
			buildRules = (
			);
			dependencies = (
			);
			name = Vendorbaz;
			productName = Vendorbaz;
			productReference = 6F6D3DB72C88769F00869C3B /* Vendorbaz.app */;
			productType = "com.apple.product-type.application";
		};
		6F6D3DC62C8876A100869C3B /* VendorbazTests */ = {
			isa = PBXNativeTarget;
			buildConfigurationList = 6F6D3DDE2C8876A100869C3B /* Build configuration list for PBXNativeTarget "VendorbazTests" */;
			buildPhases = (
				6F6D3DC32C8876A100869C3B /* Sources */,
				6F6D3DC42C8876A100869C3B /* Frameworks */,
				6F6D3DC52C8876A100869C3B /* Resources */,
			);
			buildRules = (
			);
			dependencies = (
				6F6D3DC92C8876A100869C3B /* PBXTargetDependency */,
			);
			name = VendorbazTests;
			productName = VendorbazTests;
			productReference = 6F6D3DC72C8876A100869C3B /* VendorbazTests.xctest */;
			productType = "com.apple.product-type.bundle.unit-test";
		};
		6F6D3DD02C8876A100869C3B /* VendorbazUITests */ = {
			isa = PBXNativeTarget;
			buildConfigurationList = 6F6D3DE12C8876A100869C3B /* Build configuration list for PBXNativeTarget "VendorbazUITests" */;
			buildPhases = (
				6F6D3DCD2C8876A100869C3B /* Sources */,
				6F6D3DCE2C8876A100869C3B /* Frameworks */,
				6F6D3DCF2C8876A100869C3B /* Resources */,
			);
			buildRules = (
			);
			dependencies = (
				6F6D3DD32C8876A100869C3B /* PBXTargetDependency */,
			);
			name = VendorbazUITests;
			productName = VendorbazUITests;
			productReference = 6F6D3DD12C8876A100869C3B /* VendorbazUITests.xctest */;
			productType = "com.apple.product-type.bundle.ui-testing";
		};
/* End PBXNativeTarget section */

/* Begin PBXProject section */
		6F6D3DAF2C88769F00869C3B /* Project object */ = {
			isa = PBXProject;
			attributes = {
				BuildIndependentTargetsInParallel = 1;
				LastSwiftUpdateCheck = 1420;
				LastUpgradeCheck = 1420;
				TargetAttributes = {
					6F6D3DB62C88769F00869C3B = {
						CreatedOnToolsVersion = 14.2;
					};
					6F6D3DC62C8876A100869C3B = {
						CreatedOnToolsVersion = 14.2;
						TestTargetID = 6F6D3DB62C88769F00869C3B;
					};
					6F6D3DD02C8876A100869C3B = {
						CreatedOnToolsVersion = 14.2;
						TestTargetID = 6F6D3DB62C88769F00869C3B;
					};
				};
			};
			buildConfigurationList = 6F6D3DB22C88769F00869C3B /* Build configuration list for PBXProject "Vendorbaz" */;
			compatibilityVersion = "Xcode 14.0";
			developmentRegion = en;
			hasScannedForEncodings = 0;
			knownRegions = (
				en,
				Base,
			);
			mainGroup = 6F6D3DAE2C88769F00869C3B;
			productRefGroup = 6F6D3DB82C88769F00869C3B /* Products */;
			projectDirPath = "";
			projectRoot = "";
			targets = (
				6F6D3DB62C88769F00869C3B /* Vendorbaz */,
				6F6D3DC62C8876A100869C3B /* VendorbazTests */,
				6F6D3DD02C8876A100869C3B /* VendorbazUITests */,
			);
		};
/* End PBXProject section */

/* Begin PBXResourcesBuildPhase section */
		6F6D3DB52C88769F00869C3B /* Resources */ = {
			isa = PBXResourcesBuildPhase;
			buildActionMask = 2147483647;
			files = (
				6F6D3DC22C8876A100869C3B /* Preview Assets.xcassets in Resources */,
				6F6D3DE72C887B3500869C3B /* launchScreen.storyboard in Resources */,
				6F6D3DBF2C8876A100869C3B /* Assets.xcassets in Resources */,
				6F6443BE2C89C14400728B73 /* NoConnectionViewControllerID.storyboard in Resources */,
			);
			runOnlyForDeploymentPostprocessing = 0;
		};
		6F6D3DC52C8876A100869C3B /* Resources */ = {
			isa = PBXResourcesBuildPhase;
			buildActionMask = 2147483647;
			files = (
			);
			runOnlyForDeploymentPostprocessing = 0;
		};
		6F6D3DCF2C8876A100869C3B /* Resources */ = {
			isa = PBXResourcesBuildPhase;
			buildActionMask = 2147483647;
			files = (
			);
			runOnlyForDeploymentPostprocessing = 0;
		};
/* End PBXResourcesBuildPhase section */

/* Begin PBXSourcesBuildPhase section */
		6F6D3DB32C88769F00869C3B /* Sources */ = {
			isa = PBXSourcesBuildPhase;
			buildActionMask = 2147483647;
			files = (
				6F6443BA2C89BFB300728B73 /* NetworkManager.swift in Sources */,
				6F6D3DBD2C88769F00869C3B /* ContentView.swift in Sources */,
				6F6D3DE52C88786800869C3B /* webview.swift in Sources */,
				6F6D3DBB2C88769F00869C3B /* VendorbazApp.swift in Sources */,
			);
			runOnlyForDeploymentPostprocessing = 0;
		};
		6F6D3DC32C8876A100869C3B /* Sources */ = {
			isa = PBXSourcesBuildPhase;
			buildActionMask = 2147483647;
			files = (
				6F6D3DCC2C8876A100869C3B /* VendorbazTests.swift in Sources */,
			);
			runOnlyForDeploymentPostprocessing = 0;
		};
		6F6D3DCD2C8876A100869C3B /* Sources */ = {
			isa = PBXSourcesBuildPhase;
			buildActionMask = 2147483647;
			files = (
				6F6D3DD82C8876A100869C3B /* VendorbazUITestsLaunchTests.swift in Sources */,
				6F6D3DD62C8876A100869C3B /* VendorbazUITests.swift in Sources */,
			);
			runOnlyForDeploymentPostprocessing = 0;
		};
/* End PBXSourcesBuildPhase section */

/* Begin PBXTargetDependency section */
		6F6D3DC92C8876A100869C3B /* PBXTargetDependency */ = {
			isa = PBXTargetDependency;
			target = 6F6D3DB62C88769F00869C3B /* Vendorbaz */;
			targetProxy = 6F6D3DC82C8876A100869C3B /* PBXContainerItemProxy */;
		};
		6F6D3DD32C8876A100869C3B /* PBXTargetDependency */ = {
			isa = PBXTargetDependency;
			target = 6F6D3DB62C88769F00869C3B /* Vendorbaz */;
			targetProxy = 6F6D3DD22C8876A100869C3B /* PBXContainerItemProxy */;
		};
/* End PBXTargetDependency section */

/* Begin XCBuildConfiguration section */
		6F6D3DD92C8876A100869C3B /* Debug */ = {
			isa = XCBuildConfiguration;
			buildSettings = {
				ALWAYS_SEARCH_USER_PATHS = NO;
				CLANG_ANALYZER_NONNULL = YES;
				CLANG_ANALYZER_NUMBER_OBJECT_CONVERSION = YES_AGGRESSIVE;
				CLANG_CXX_LANGUAGE_STANDARD = "gnu++20";
				CLANG_ENABLE_MODULES = YES;
				CLANG_ENABLE_OBJC_ARC = YES;
				CLANG_ENABLE_OBJC_WEAK = YES;
				CLANG_WARN_BLOCK_CAPTURE_AUTORELEASING = YES;
				CLANG_WARN_BOOL_CONVERSION = YES;
				CLANG_WARN_COMMA = YES;
				CLANG_WARN_CONSTANT_CONVERSION = YES;
				CLANG_WARN_DEPRECATED_OBJC_IMPLEMENTATIONS = YES;
				CLANG_WARN_DIRECT_OBJC_ISA_USAGE = YES_ERROR;
				CLANG_WARN_DOCUMENTATION_COMMENTS = YES;
				CLANG_WARN_EMPTY_BODY = YES;
				CLANG_WARN_ENUM_CONVERSION = YES;
				CLANG_WARN_INFINITE_RECURSION = YES;
				CLANG_WARN_INT_CONVERSION = YES;
				CLANG_WARN_NON_LITERAL_NULL_CONVERSION = YES;
				CLANG_WARN_OBJC_IMPLICIT_RETAIN_SELF = YES;
				CLANG_WARN_OBJC_LITERAL_CONVERSION = YES;
				CLANG_WARN_OBJC_ROOT_CLASS = YES_ERROR;
				CLANG_WARN_QUOTED_INCLUDE_IN_FRAMEWORK_HEADER = YES;
				CLANG_WARN_RANGE_LOOP_ANALYSIS = YES;
				CLANG_WARN_STRICT_PROTOTYPES = YES;
				CLANG_WARN_SUSPICIOUS_MOVE = YES;
				CLANG_WARN_UNGUARDED_AVAILABILITY = YES_AGGRESSIVE;
				CLANG_WARN_UNREACHABLE_CODE = YES;
				CLANG_WARN__DUPLICATE_METHOD_MATCH = YES;
				COPY_PHASE_STRIP = NO;
				DEBUG_INFORMATION_FORMAT = dwarf;
				ENABLE_STRICT_OBJC_MSGSEND = YES;
				ENABLE_TESTABILITY = YES;
				GCC_C_LANGUAGE_STANDARD = gnu11;
				GCC_DYNAMIC_NO_PIC = NO;
				GCC_NO_COMMON_BLOCKS = YES;
				GCC_OPTIMIZATION_LEVEL = 0;
				GCC_PREPROCESSOR_DEFINITIONS = (
					"DEBUG=1",
					"$(inherited)",
				);
				GCC_WARN_64_TO_32_BIT_CONVERSION = YES;
				GCC_WARN_ABOUT_RETURN_TYPE = YES_ERROR;
				GCC_WARN_UNDECLARED_SELECTOR = YES;
				GCC_WARN_UNINITIALIZED_AUTOS = YES_AGGRESSIVE;
				GCC_WARN_UNUSED_FUNCTION = YES;
				GCC_WARN_UNUSED_VARIABLE = YES;
				IPHONEOS_DEPLOYMENT_TARGET = 16.2;
				MTL_ENABLE_DEBUG_INFO = INCLUDE_SOURCE;
				MTL_FAST_MATH = YES;
				ONLY_ACTIVE_ARCH = YES;
				SDKROOT = iphoneos;
				SWIFT_ACTIVE_COMPILATION_CONDITIONS = DEBUG;
				SWIFT_OPTIMIZATION_LEVEL = "-Onone";
			};
			name = Debug;
		};
		6F6D3DDA2C8876A100869C3B /* Release */ = {
			isa = XCBuildConfiguration;
			buildSettings = {
				ALWAYS_SEARCH_USER_PATHS = NO;
				CLANG_ANALYZER_NONNULL = YES;
				CLANG_ANALYZER_NUMBER_OBJECT_CONVERSION = YES_AGGRESSIVE;
				CLANG_CXX_LANGUAGE_STANDARD = "gnu++20";
				CLANG_ENABLE_MODULES = YES;
				CLANG_ENABLE_OBJC_ARC = YES;
				CLANG_ENABLE_OBJC_WEAK = YES;
				CLANG_WARN_BLOCK_CAPTURE_AUTORELEASING = YES;
				CLANG_WARN_BOOL_CONVERSION = YES;
				CLANG_WARN_COMMA = YES;
				CLANG_WARN_CONSTANT_CONVERSION = YES;
				CLANG_WARN_DEPRECATED_OBJC_IMPLEMENTATIONS = YES;
				CLANG_WARN_DIRECT_OBJC_ISA_USAGE = YES_ERROR;
				CLANG_WARN_DOCUMENTATION_COMMENTS = YES;
				CLANG_WARN_EMPTY_BODY = YES;
				CLANG_WARN_ENUM_CONVERSION = YES;
				CLANG_WARN_INFINITE_RECURSION = YES;
				CLANG_WARN_INT_CONVERSION = YES;
				CLANG_WARN_NON_LITERAL_NULL_CONVERSION = YES;
				CLANG_WARN_OBJC_IMPLICIT_RETAIN_SELF = YES;
				CLANG_WARN_OBJC_LITERAL_CONVERSION = YES;
				CLANG_WARN_OBJC_ROOT_CLASS = YES_ERROR;
				CLANG_WARN_QUOTED_INCLUDE_IN_FRAMEWORK_HEADER = YES;
				CLANG_WARN_RANGE_LOOP_ANALYSIS = YES;
				CLANG_WARN_STRICT_PROTOTYPES = YES;
				CLANG_WARN_SUSPICIOUS_MOVE = YES;
				CLANG_WARN_UNGUARDED_AVAILABILITY = YES_AGGRESSIVE;
				CLANG_WARN_UNREACHABLE_CODE = YES;
				CLANG_WARN__DUPLICATE_METHOD_MATCH = YES;
				COPY_PHASE_STRIP = NO;
				DEBUG_INFORMATION_FORMAT = "dwarf-with-dsym";
				ENABLE_NS_ASSERTIONS = NO;
				ENABLE_STRICT_OBJC_MSGSEND = YES;
				GCC_C_LANGUAGE_STANDARD = gnu11;
				GCC_NO_COMMON_BLOCKS = YES;
				GCC_WARN_64_TO_32_BIT_CONVERSION = YES;
				GCC_WARN_ABOUT_RETURN_TYPE = YES_ERROR;
				GCC_WARN_UNDECLARED_SELECTOR = YES;
				GCC_WARN_UNINITIALIZED_AUTOS = YES_AGGRESSIVE;
				GCC_WARN_UNUSED_FUNCTION = YES;
				GCC_WARN_UNUSED_VARIABLE = YES;
				IPHONEOS_DEPLOYMENT_TARGET = 16.2;
				MTL_ENABLE_DEBUG_INFO = NO;
				MTL_FAST_MATH = YES;
				SDKROOT = iphoneos;
				SWIFT_COMPILATION_MODE = wholemodule;
				SWIFT_OPTIMIZATION_LEVEL = "-O";
				VALIDATE_PRODUCT = YES;
			};
			name = Release;
		};
		6F6D3DDC2C8876A100869C3B /* Debug */ = {
			isa = XCBuildConfiguration;
			buildSettings = {
				ASSETCATALOG_COMPILER_APPICON_NAME = AppIcon;
				ASSETCATALOG_COMPILER_GLOBAL_ACCENT_COLOR_NAME = AccentColor;
				CODE_SIGN_STYLE = Automatic;
				CURRENT_PROJECT_VERSION = 1;
				DEVELOPMENT_ASSET_PATHS = "\"Vendorbaz/Preview Content\"";
				ENABLE_PREVIEWS = YES;
				GENERATE_INFOPLIST_FILE = YES;
				INFOPLIST_KEY_LSApplicationCategoryType = "public.app-category.navigation";
				INFOPLIST_KEY_UIApplicationSceneManifest_Generation = YES;
				INFOPLIST_KEY_UIApplicationSupportsIndirectInputEvents = YES;
				INFOPLIST_KEY_UILaunchScreen_Generation = YES;
				INFOPLIST_KEY_UILaunchStoryboardName = launchScreen.storyboard;
				INFOPLIST_KEY_UISupportedInterfaceOrientations_iPad = "UIInterfaceOrientationPortrait UIInterfaceOrientationPortraitUpsideDown UIInterfaceOrientationLandscapeLeft UIInterfaceOrientationLandscapeRight";
				INFOPLIST_KEY_UISupportedInterfaceOrientations_iPhone = "UIInterfaceOrientationPortrait UIInterfaceOrientationLandscapeLeft UIInterfaceOrientationLandscapeRight";
				LD_RUNPATH_SEARCH_PATHS = (
					"$(inherited)",
					"@executable_path/Frameworks",
				);
				MARKETING_VERSION = 1.0;
				PRODUCT_BUNDLE_IDENTIFIER = com.directoptimize.Vendorbaz;
				PRODUCT_NAME = "$(TARGET_NAME)";
				SUPPORTED_PLATFORMS = "iphoneos iphonesimulator";
				SUPPORTS_MACCATALYST = NO;
				SUPPORTS_MAC_DESIGNED_FOR_IPHONE_IPAD = NO;
				SWIFT_EMIT_LOC_STRINGS = YES;
				SWIFT_VERSION = 5.0;
				TARGETED_DEVICE_FAMILY = "1,2";
			};
			name = Debug;
		};
		6F6D3DDD2C8876A100869C3B /* Release */ = {
			isa = XCBuildConfiguration;
			buildSettings = {
				ASSETCATALOG_COMPILER_APPICON_NAME = AppIcon;
				ASSETCATALOG_COMPILER_GLOBAL_ACCENT_COLOR_NAME = AccentColor;
				CODE_SIGN_STYLE = Automatic;
				CURRENT_PROJECT_VERSION = 1;
				DEVELOPMENT_ASSET_PATHS = "\"Vendorbaz/Preview Content\"";
				ENABLE_PREVIEWS = YES;
				GENERATE_INFOPLIST_FILE = YES;
				INFOPLIST_KEY_LSApplicationCategoryType = "public.app-category.navigation";
				INFOPLIST_KEY_UIApplicationSceneManifest_Generation = YES;
				INFOPLIST_KEY_UIApplicationSupportsIndirectInputEvents = YES;
				INFOPLIST_KEY_UILaunchScreen_Generation = YES;
				INFOPLIST_KEY_UILaunchStoryboardName = launchScreen.storyboard;
				INFOPLIST_KEY_UISupportedInterfaceOrientations_iPad = "UIInterfaceOrientationPortrait UIInterfaceOrientationPortraitUpsideDown UIInterfaceOrientationLandscapeLeft UIInterfaceOrientationLandscapeRight";
				INFOPLIST_KEY_UISupportedInterfaceOrientations_iPhone = "UIInterfaceOrientationPortrait UIInterfaceOrientationLandscapeLeft UIInterfaceOrientationLandscapeRight";
				LD_RUNPATH_SEARCH_PATHS = (
					"$(inherited)",
					"@executable_path/Frameworks",
				);
				MARKETING_VERSION = 1.0;
				PRODUCT_BUNDLE_IDENTIFIER = com.directoptimize.Vendorbaz;
				PRODUCT_NAME = "$(TARGET_NAME)";
				SUPPORTED_PLATFORMS = "iphoneos iphonesimulator";
				SUPPORTS_MACCATALYST = NO;
				SUPPORTS_MAC_DESIGNED_FOR_IPHONE_IPAD = NO;
				SWIFT_EMIT_LOC_STRINGS = YES;
				SWIFT_VERSION = 5.0;
				TARGETED_DEVICE_FAMILY = "1,2";
			};
			name = Release;
		};
		6F6D3DDF2C8876A100869C3B /* Debug */ = {
			isa = XCBuildConfiguration;
			buildSettings = {
				ALWAYS_EMBED_SWIFT_STANDARD_LIBRARIES = YES;
				BUNDLE_LOADER = "$(TEST_HOST)";
				CODE_SIGN_STYLE = Automatic;
				CURRENT_PROJECT_VERSION = 1;
				GENERATE_INFOPLIST_FILE = YES;
				IPHONEOS_DEPLOYMENT_TARGET = 16.2;
				MARKETING_VERSION = 1.0;
				PRODUCT_BUNDLE_IDENTIFIER = com.directoptimize.VendorbazTests;
				PRODUCT_NAME = "$(TARGET_NAME)";
				SWIFT_EMIT_LOC_STRINGS = NO;
				SWIFT_VERSION = 5.0;
				TARGETED_DEVICE_FAMILY = "1,2";
				TEST_HOST = "$(BUILT_PRODUCTS_DIR)/Vendorbaz.app/$(BUNDLE_EXECUTABLE_FOLDER_PATH)/Vendorbaz";
			};
			name = Debug;
		};
		6F6D3DE02C8876A100869C3B /* Release */ = {
			isa = XCBuildConfiguration;
			buildSettings = {
				ALWAYS_EMBED_SWIFT_STANDARD_LIBRARIES = YES;
				BUNDLE_LOADER = "$(TEST_HOST)";
				CODE_SIGN_STYLE = Automatic;
				CURRENT_PROJECT_VERSION = 1;
				GENERATE_INFOPLIST_FILE = YES;
				IPHONEOS_DEPLOYMENT_TARGET = 16.2;
				MARKETING_VERSION = 1.0;
				PRODUCT_BUNDLE_IDENTIFIER = com.directoptimize.VendorbazTests;
				PRODUCT_NAME = "$(TARGET_NAME)";
				SWIFT_EMIT_LOC_STRINGS = NO;
				SWIFT_VERSION = 5.0;
				TARGETED_DEVICE_FAMILY = "1,2";
				TEST_HOST = "$(BUILT_PRODUCTS_DIR)/Vendorbaz.app/$(BUNDLE_EXECUTABLE_FOLDER_PATH)/Vendorbaz";
			};
			name = Release;
		};
		6F6D3DE22C8876A100869C3B /* Debug */ = {
			isa = XCBuildConfiguration;
			buildSettings = {
				ALWAYS_EMBED_SWIFT_STANDARD_LIBRARIES = YES;
				CODE_SIGN_STYLE = Automatic;
				CURRENT_PROJECT_VERSION = 1;
				GENERATE_INFOPLIST_FILE = YES;
				MARKETING_VERSION = 1.0;
				PRODUCT_BUNDLE_IDENTIFIER = com.directoptimize.VendorbazUITests;
				PRODUCT_NAME = "$(TARGET_NAME)";
				SWIFT_EMIT_LOC_STRINGS = NO;
				SWIFT_VERSION = 5.0;
				TARGETED_DEVICE_FAMILY = "1,2";
				TEST_TARGET_NAME = Vendorbaz;
			};
			name = Debug;
		};
		6F6D3DE32C8876A100869C3B /* Release */ = {
			isa = XCBuildConfiguration;
			buildSettings = {
				ALWAYS_EMBED_SWIFT_STANDARD_LIBRARIES = YES;
				CODE_SIGN_STYLE = Automatic;
				CURRENT_PROJECT_VERSION = 1;
				GENERATE_INFOPLIST_FILE = YES;
				MARKETING_VERSION = 1.0;
				PRODUCT_BUNDLE_IDENTIFIER = com.directoptimize.VendorbazUITests;
				PRODUCT_NAME = "$(TARGET_NAME)";
				SWIFT_EMIT_LOC_STRINGS = NO;
				SWIFT_VERSION = 5.0;
				TARGETED_DEVICE_FAMILY = "1,2";
				TEST_TARGET_NAME = Vendorbaz;
			};
			name = Release;
		};
/* End XCBuildConfiguration section */

/* Begin XCConfigurationList section */
		6F6D3DB22C88769F00869C3B /* Build configuration list for PBXProject "Vendorbaz" */ = {
			isa = XCConfigurationList;
			buildConfigurations = (
				6F6D3DD92C8876A100869C3B /* Debug */,
				6F6D3DDA2C8876A100869C3B /* Release */,
			);
			defaultConfigurationIsVisible = 0;
			defaultConfigurationName = Release;
		};
		6F6D3DDB2C8876A100869C3B /* Build configuration list for PBXNativeTarget "Vendorbaz" */ = {
			isa = XCConfigurationList;
			buildConfigurations = (
				6F6D3DDC2C8876A100869C3B /* Debug */,
				6F6D3DDD2C8876A100869C3B /* Release */,
			);
			defaultConfigurationIsVisible = 0;
			defaultConfigurationName = Release;
		};
		6F6D3DDE2C8876A100869C3B /* Build configuration list for PBXNativeTarget "VendorbazTests" */ = {
			isa = XCConfigurationList;
			buildConfigurations = (
				6F6D3DDF2C8876A100869C3B /* Debug */,
				6F6D3DE02C8876A100869C3B /* Release */,
			);
			defaultConfigurationIsVisible = 0;
			defaultConfigurationName = Release;
		};
		6F6D3DE12C8876A100869C3B /* Build configuration list for PBXNativeTarget "VendorbazUITests" */ = {
			isa = XCConfigurationList;
			buildConfigurations = (
				6F6D3DE22C8876A100869C3B /* Debug */,
				6F6D3DE32C8876A100869C3B /* Release */,
			);
			defaultConfigurationIsVisible = 0;
			defaultConfigurationName = Release;
		};
/* End XCConfigurationList section */
	};
	rootObject = 6F6D3DAF2C88769F00869C3B /* Project object */;
}
